
Microsoft Visual Studio Solution File, Format Version 12.00
# Visual Studio Version 16
VisualStudioVersion = 16.0.30717.126
MinimumVisualStudioVersion = 10.0.40219.1
Project("{FAE04EC0-301F-11D3-BF4B-00C04F79EFBC}") = "Fedchuk3", "Fedchuk3.csproj", "{D356952F-F495-40EB-90DD-B80873835E6B}"
EndProject
Global
	GlobalSection(SolutionConfigurationPlatforms) = preSolution
		Debug|Any CPU = Debug|Any CPU
		Release|Any CPU = Release|Any CPU
	EndGlobalSection
	GlobalSection(ProjectConfigurationPlatforms) = postSolution
		{D356952F-F495-40EB-90DD-B80873835E6B}.Debug|Any CPU.ActiveCfg = Debug|Any CPU
		{D356952F-F495-40EB-90DD-B80873835E6B}.Debug|Any CPU.Build.0 = Debug|Any CPU
		{D356952F-F495-40EB-90DD-B80873835E6B}.Release|Any CPU.ActiveCfg = Release|Any CPU
		{D356952F-F495-40EB-90DD-B80873835E6B}.Release|Any CPU.Build.0 = Release|Any CPU
	EndGlobalSection
	GlobalSection(SolutionProperties) = preSolution
		HideSolutionNode = FALSE
	EndGlobalSection
	GlobalSection(ExtensibilityGlobals) = postSolution
		SolutionGuid = {CC9CEBAE-4B5F-416C-8A9B-E2E80B049108}
	EndGlobalSection
EndGlobal
